
Microsoft Visual Studio Solution File, Format Version 12.00
# Visual Studio 15
VisualStudioVersion = 15.0.28010.2050
MinimumVisualStudioVersion = 10.0.40219.1
Project("{FAE04EC0-301F-11D3-BF4B-00C04F79EFBC}") = "TestDrivenDevelopment", "TDD Quiz\TestDrivenDevelopment.csproj", "{F5CA20C0-7D35-4D67-AB97-D14C34F6DC67}"
EndProject
Project("{FAE04EC0-301F-11D3-BF4B-00C04F79EFBC}") = "UnitTestProyect", "UnitTestProject1\UnitTestProyect.csproj", "{C59C6CD7-8114-412D-84AF-43B6DD857445}"
EndProject
Global
	GlobalSection(SolutionConfigurationPlatforms) = preSolution
		Debug|Any CPU = Debug|Any CPU
		Release|Any CPU = Release|Any CPU
	EndGlobalSection
	GlobalSection(ProjectConfigurationPlatforms) = postSolution
		{F5CA20C0-7D35-4D67-AB97-D14C34F6DC67}.Debug|Any CPU.ActiveCfg = Debug|Any CPU
		{F5CA20C0-7D35-4D67-AB97-D14C34F6DC67}.Debug|Any CPU.Build.0 = Debug|Any CPU
		{F5CA20C0-7D35-4D67-AB97-D14C34F6DC67}.Release|Any CPU.ActiveCfg = Release|Any CPU
		{F5CA20C0-7D35-4D67-AB97-D14C34F6DC67}.Release|Any CPU.Build.0 = Release|Any CPU
		{C59C6CD7-8114-412D-84AF-43B6DD857445}.Debug|Any CPU.ActiveCfg = Debug|Any CPU
		{C59C6CD7-8114-412D-84AF-43B6DD857445}.Debug|Any CPU.Build.0 = Debug|Any CPU
		{C59C6CD7-8114-412D-84AF-43B6DD857445}.Release|Any CPU.ActiveCfg = Release|Any CPU
		{C59C6CD7-8114-412D-84AF-43B6DD857445}.Release|Any CPU.Build.0 = Release|Any CPU
	EndGlobalSection
	GlobalSection(SolutionProperties) = preSolution
		HideSolutionNode = FALSE
	EndGlobalSection
	GlobalSection(ExtensibilityGlobals) = postSolution
		SolutionGuid = {F16A3E3D-88CD-4D1F-98E4-A5856BB81E86}
	EndGlobalSection
EndGlobal
